github.com/pratikdeoghare/brashtag v0.0.0-20211227111042-db105d273e23 h1:tcb6XUXEeSQYVb1rCM3hUvfhx3mFnu3hYyOfllwP/fs=
github.com/pratikdeoghare/brashtag v0.0.0-20211227111042-db105d273e23/go.mod h1:hSsGYrp2aiZvIvub2XDaQ+FNTOV6/hggdrXl/jG6UCc=
github.com/pratikdeoghare/brashtag v0.0.0-20220417085633-42826118e826 h1:ar8owDer4gRBI6eVWNwCMaMfbvX70oMydikJ8l5YoNg=
github.com/pratikdeoghare/brashtag v0.0.0-20220417085633-42826118e826/go.mod h1:hSsGYrp2aiZvIvub2XDaQ+FNTOV6/hggdrXl/jG6UCc=
